{
    "_meta": {
        "hash": {
            "sha256": "115b587ebdb00c86d4d7849ac2444a6cf8e632ac43d524869a573e0cbeb6827c"
        },
        "pipfile-spec": 6,
        "requires": {},
        "sources": [
            {
                "name": "pypi",
                "url": "https://pypi.python.org/simple",
                "verify_ssl": true
            }
        ]
    },
    "default": {
        "imapclient": {
            "hashes": [
                "sha256:3eeb97b9aa8faab0caa5024d74bfde59408fbd542781246f6960873c7bf0dd01",
                "sha256:60ba79758cc9f13ec910d7a3df9acaaf2bb6c458720d9a02ec33a41352fd1b99"
            ],
            "index": "pypi",
            "version": "==2.1.0"
        },
        "python-slugify": {
            "hashes": [
                "sha256:57163ffb345c7e26063435a27add1feae67fa821f1ef4b2f292c25847575d758"
            ],
            "index": "pypi",
            "version": "==3.0.2"
        },
        "six": {
            "hashes": [
                "sha256:3350809f0555b11f552448330d0b52d5f24c91a322ea4a15ef22629740f3761c",
                "sha256:d16a0141ec1a18405cd4ce8b4613101da75da0e9a7aec5bdd4fa804d0e0eba73"
            ],
            "version": "==1.12.0"
        },
        "text-unidecode": {
            "hashes": [
                "sha256:5a1375bb2ba7968740508ae38d92e1f889a0832913cb1c447d5e2046061a396d",
                "sha256:801e38bd550b943563660a91de8d4b6fa5df60a542be9093f7abf819f86050cc"
            ],
            "version": "==1.2"
        }
    },
    "develop": {}
}
